Microsoft Visual Studio Solution File, Format Version 12.00
# Visual Studio Version 17
VisualStudioVersion = 17.5.2.0
MinimumVisualStudioVersion = 10.0.40219.1
Project("{FAE04EC0-301F-11D3-BF4B-00C04F79EFBC}") = "AsyncAwait.Demo", "AsyncAwait.Demo.csproj", "{93139406-51DE-95E6-313E-B54858906068}"
EndProject
Global
	GlobalSection(SolutionConfigurationPlatforms) = preSolution
		Debug|Any CPU = Debug|Any CPU
		Release|Any CPU = Release|Any CPU
	EndGlobalSection
	GlobalSection(ProjectConfigurationPlatforms) = postSolution
		{93139406-51DE-95E6-313E-B54858906068}.Debug|Any CPU.ActiveCfg = Debug|Any CPU
		{93139406-51DE-95E6-313E-B54858906068}.Debug|Any CPU.Build.0 = Debug|Any CPU
		{93139406-51DE-95E6-313E-B54858906068}.Release|Any CPU.ActiveCfg = Release|Any CPU
		{93139406-51DE-95E6-313E-B54858906068}.Release|Any CPU.Build.0 = Release|Any CPU
	EndGlobalSection
	GlobalSection(SolutionProperties) = preSolution
		HideSolutionNode = FALSE
	EndGlobalSection
	GlobalSection(ExtensibilityGlobals) = postSolution
		SolutionGuid = {8480A685-5498-4902-A4ED-A535C27D4A05}
	EndGlobalSection
EndGlobal
