Microsoft Visual Studio Solution File, Format Version 12.00
# Visual Studio Version 17
VisualStudioVersion = 17.5.2.0
MinimumVisualStudioVersion = 10.0.40219.1
Project("{FAE04EC0-301F-11D3-BF4B-00C04F79EFBC}") = "CircuitBreaker.Demo", "CircuitBreaker.Demo.csproj", "{DDA1447A-EEE3-ABD1-AD54-4522DFF3974D}"
EndProject
Global
	GlobalSection(SolutionConfigurationPlatforms) = preSolution
		Debug|Any CPU = Debug|Any CPU
		Release|Any CPU = Release|Any CPU
	EndGlobalSection
	GlobalSection(ProjectConfigurationPlatforms) = postSolution
		{DDA1447A-EEE3-ABD1-AD54-4522DFF3974D}.Debug|Any CPU.ActiveCfg = Debug|Any CPU
		{DDA1447A-EEE3-ABD1-AD54-4522DFF3974D}.Debug|Any CPU.Build.0 = Debug|Any CPU
		{DDA1447A-EEE3-ABD1-AD54-4522DFF3974D}.Release|Any CPU.ActiveCfg = Release|Any CPU
		{DDA1447A-EEE3-ABD1-AD54-4522DFF3974D}.Release|Any CPU.Build.0 = Release|Any CPU
	EndGlobalSection
	GlobalSection(SolutionProperties) = preSolution
		HideSolutionNode = FALSE
	EndGlobalSection
	GlobalSection(ExtensibilityGlobals) = postSolution
		SolutionGuid = {20484882-1F63-49C8-B419-9D9E67DB3447}
	EndGlobalSection
EndGlobal
